
Microsoft Visual Studio Solution File, Format Version 12.00
# Visual Studio 15
VisualStudioVersion = 15.0.27703.2000
MinimumVisualStudioVersion = 10.0.40219.1
Project("{FAE04EC0-301F-11D3-BF4B-00C04F79EFBC}") = "SmtpForMe", "SmtpForMe\SmtpForMe.csproj", "{CF5A7CFB-A682-46D2-A754-6C20B8D09994}"
EndProject
Global
	GlobalSection(SolutionConfigurationPlatforms) = preSolution
		Debug|Any CPU = Debug|Any CPU
		Release|Any CPU = Release|Any CPU
	EndGlobalSection
	GlobalSection(ProjectConfigurationPlatforms) = postSolution
		{CF5A7CFB-A682-46D2-A754-6C20B8D09994}.Debug|Any CPU.ActiveCfg = Debug|Any CPU
		{CF5A7CFB-A682-46D2-A754-6C20B8D09994}.Debug|Any CPU.Build.0 = Debug|Any CPU
		{CF5A7CFB-A682-46D2-A754-6C20B8D09994}.Release|Any CPU.ActiveCfg = Release|Any CPU
		{CF5A7CFB-A682-46D2-A754-6C20B8D09994}.Release|Any CPU.Build.0 = Release|Any CPU
	EndGlobalSection
	GlobalSection(SolutionProperties) = preSolution
		HideSolutionNode = FALSE
	EndGlobalSection
	GlobalSection(ExtensibilityGlobals) = postSolution
		SolutionGuid = {2594DA29-E12B-45E1-BE30-F94F6AF9BF69}
	EndGlobalSection
EndGlobal
